
Microsoft Visual Studio Solution File, Format Version 12.00
# Visual Studio 2012
Project("{FAE04EC0-301F-11D3-BF4B-00C04F79EFBC}") = "MobileCore", "MobileCore.csproj", "{0B0AEA8C-1C13-48AA-975C-3933943D04DB}"
EndProject
Global
	GlobalSection(SolutionConfigurationPlatforms) = preSolution
		Debug|Any CPU = Debug|Any CPU
		Release|Any CPU = Release|Any CPU
	EndGlobalSection
	GlobalSection(ProjectConfigurationPlatforms) = postSolution
		{0B0AEA8C-1C13-48AA-975C-3933943D04DB}.Debug|Any CPU.ActiveCfg = Debug|Any CPU
		{0B0AEA8C-1C13-48AA-975C-3933943D04DB}.Debug|Any CPU.Build.0 = Debug|Any CPU
		{0B0AEA8C-1C13-48AA-975C-3933943D04DB}.Release|Any CPU.ActiveCfg = Release|Any CPU
		{0B0AEA8C-1C13-48AA-975C-3933943D04DB}.Release|Any CPU.Build.0 = Release|Any CPU
	EndGlobalSection
EndGlobal
